
Microsoft Visual Studio Solution File, Format Version 12.00
# Visual Studio Version 17
VisualStudioVersion = 17.3.32825.248
MinimumVisualStudioVersion = 10.0.40219.1
Project("{FAE04EC0-301F-11D3-BF4B-00C04F79EFBC}") = "RecoveryPasswordXAF.Module", "RecoveryPasswordXAF.Module\RecoveryPasswordXAF.Module.csproj", "{31476E18-44CE-4715-8BFD-830560B29A4B}"
EndProject
Project("{FAE04EC0-301F-11D3-BF4B-00C04F79EFBC}") = "RecoveryPasswordXAF.Module.Web", "RecoveryPasswordXAF.Module.Web\RecoveryPasswordXAF.Module.Web.csproj", "{3C077CF2-635B-4982-B49E-B003EE161A74}"
EndProject
Project("{FAE04EC0-301F-11D3-BF4B-00C04F79EFBC}") = "RecoveryPasswordXAF.Web", "RecoveryPasswordXAF.Web\RecoveryPasswordXAF.Web.csproj", "{577FEDD9-3FAD-4ED0-A161-145023A688C0}"
EndProject
Global
	GlobalSection(SolutionConfigurationPlatforms) = preSolution
		Debug|Any CPU = Debug|Any CPU
		EasyTest|Any CPU = EasyTest|Any CPU
		Release|Any CPU = Release|Any CPU
	EndGlobalSection
	GlobalSection(ProjectConfigurationPlatforms) = postSolution
		{31476E18-44CE-4715-8BFD-830560B29A4B}.Debug|Any CPU.ActiveCfg = Debug|Any CPU
		{31476E18-44CE-4715-8BFD-830560B29A4B}.Debug|Any CPU.Build.0 = Debug|Any CPU
		{31476E18-44CE-4715-8BFD-830560B29A4B}.EasyTest|Any CPU.ActiveCfg = EasyTest|Any CPU
		{31476E18-44CE-4715-8BFD-830560B29A4B}.EasyTest|Any CPU.Build.0 = EasyTest|Any CPU
		{31476E18-44CE-4715-8BFD-830560B29A4B}.Release|Any CPU.ActiveCfg = Release|Any CPU
		{31476E18-44CE-4715-8BFD-830560B29A4B}.Release|Any CPU.Build.0 = Release|Any CPU
		{3C077CF2-635B-4982-B49E-B003EE161A74}.Debug|Any CPU.ActiveCfg = Debug|Any CPU
		{3C077CF2-635B-4982-B49E-B003EE161A74}.Debug|Any CPU.Build.0 = Debug|Any CPU
		{3C077CF2-635B-4982-B49E-B003EE161A74}.EasyTest|Any CPU.ActiveCfg = EasyTest|Any CPU
		{3C077CF2-635B-4982-B49E-B003EE161A74}.EasyTest|Any CPU.Build.0 = EasyTest|Any CPU
		{3C077CF2-635B-4982-B49E-B003EE161A74}.Release|Any CPU.ActiveCfg = Release|Any CPU
		{3C077CF2-635B-4982-B49E-B003EE161A74}.Release|Any CPU.Build.0 = Release|Any CPU
		{577FEDD9-3FAD-4ED0-A161-145023A688C0}.Debug|Any CPU.ActiveCfg = Debug|Any CPU
		{577FEDD9-3FAD-4ED0-A161-145023A688C0}.Debug|Any CPU.Build.0 = Debug|Any CPU
		{577FEDD9-3FAD-4ED0-A161-145023A688C0}.EasyTest|Any CPU.ActiveCfg = EasyTest|Any CPU
		{577FEDD9-3FAD-4ED0-A161-145023A688C0}.EasyTest|Any CPU.Build.0 = EasyTest|Any CPU
		{577FEDD9-3FAD-4ED0-A161-145023A688C0}.Release|Any CPU.ActiveCfg = Release|Any CPU
		{577FEDD9-3FAD-4ED0-A161-145023A688C0}.Release|Any CPU.Build.0 = Release|Any CPU
	EndGlobalSection
	GlobalSection(SolutionProperties) = preSolution
		HideSolutionNode = FALSE
	EndGlobalSection
	GlobalSection(ExtensibilityGlobals) = postSolution
		SolutionGuid = {4377BF4F-FA6A-4CB9-8222-CF43D4BEF369}
	EndGlobalSection
EndGlobal
